
Microsoft Visual Studio Solution File, Format Version 12.00
# Visual Studio Version 17
VisualStudioVersion = 17.6.33815.320
MinimumVisualStudioVersion = 10.0.40219.1
Project("{FAE04EC0-301F-11D3-BF4B-00C04F79EFBC}") = "hands-on_lab", "hands-on_lab\hands-on_lab.csproj", "{C2641C4F-D5F4-4A36-A934-E0718D337DD8}"
EndProject
Global
	GlobalSection(SolutionConfigurationPlatforms) = preSolution
		Debug|Any CPU = Debug|Any CPU
		Release|Any CPU = Release|Any CPU
	EndGlobalSection
	GlobalSection(ProjectConfigurationPlatforms) = postSolution
		{C2641C4F-D5F4-4A36-A934-E0718D337DD8}.Debug|Any CPU.ActiveCfg = Debug|Any CPU
		{C2641C4F-D5F4-4A36-A934-E0718D337DD8}.Debug|Any CPU.Build.0 = Debug|Any CPU
		{C2641C4F-D5F4-4A36-A934-E0718D337DD8}.Release|Any CPU.ActiveCfg = Release|Any CPU
		{C2641C4F-D5F4-4A36-A934-E0718D337DD8}.Release|Any CPU.Build.0 = Release|Any CPU
	EndGlobalSection
	GlobalSection(SolutionProperties) = preSolution
		HideSolutionNode = FALSE
	EndGlobalSection
	GlobalSection(ExtensibilityGlobals) = postSolution
		SolutionGuid = {0549C5C5-FAB5-4459-946E-515B2AFE0B09}
	EndGlobalSection
EndGlobal
